<?xml version="1.0" encoding="utf-8"?>
<Project ToolsVersion="4.0" xmlns="http://schemas.microsoft.com/developer/msbuild/2003">
  <ItemGroup>
    <Filter Include="Source Files">
      <UniqueIdentifier>{4FC737F1-C7A5-4376-A066-2A32D752A2FF}</UniqueIdentifier>
      <Extensions>cpp;c;cc;cxx;def;odl;idl;hpj;bat;asm;asmx</Extensions>
    </Filter>
    <Filter Include="Header Files">
      <UniqueIdentifier>{93995380-89BD-4b04-88EB-625FBE52EBFB}</UniqueIdentifier>
      <Extensions>h;hh;hpp;hxx;hm;inl;inc;xsd</Extensions>
    </Filter>
    <Filter Include="Resource Files">
      <UniqueIdentifier>{67DA6AB6-F800-4c08-8B7A-83BB121AAD01}</UniqueIdentifier>
      <Extensions>rc;ico;cur;bmp;dlg;rc2;rct;bin;rgs;gif;jpg;jpeg;jpe;resx;tiff;tif;png;wav</Extensions>
    </Filter>
  </ItemGroup>
  <ItemGroup>
    <ClCompile Include="finalproject\CommController.cpp">
      <Filter>Source Files</Filter>
    </ClCompile>
    <ClCompile Include="finalproject\DisplayService.cpp">
      <Filter>Source Files</Filter>
    </ClCompile>
    <ClCompile Include="finalproject\SessionService.cpp">
      <Filter>Source Files</Filter>
    </ClCompile>
    <ClCompile Include="finalproject\WinMain.cpp">
      <Filter>Source Files</Filter>
    </ClCompile>
    <ClCompile Include="FinalProject\StateController.cpp">
      <Filter>Header Files</Filter>
    </ClCompile>
    <ClCompile Include="FinalProject\ErrorHandler.cpp">
      <Filter>Source Files</Filter>
    </ClCompile>
    <ClCompile Include="FinalProject\StateControllerHelper.cpp">
      <Filter>Source Files</Filter>
    </ClCompile>
  </ItemGroup>
  <ItemGroup>
    <ClInclude Include="finalproject\CommController.h">
      <Filter>Header Files</Filter>
    </ClInclude>
    <ClInclude Include="finalproject\CommService.h">
      <Filter>Header Files</Filter>
    </ClInclude>
    <ClInclude Include="finalproject\DisplayService.h">
      <Filter>Header Files</Filter>
    </ClInclude>
    <ClInclude Include="finalproject\ErrorHandler.h">
      <Filter>Header Files</Filter>
    </ClInclude>
    <ClInclude Include="finalproject\error_codes.h">
      <Filter>Header Files</Filter>
    </ClInclude>
    <ClInclude Include="finalproject\idm.h">
      <Filter>Header Files</Filter>
    </ClInclude>
    <ClInclude Include="finalproject\key_press.h">
      <Filter>Header Files</Filter>
    </ClInclude>
    <ClInclude Include="finalproject\modes.h">
      <Filter>Header Files</Filter>
    </ClInclude>
    <ClInclude Include="finalproject\Platform.h">
      <Filter>Header Files</Filter>
    </ClInclude>
    <ClInclude Include="finalproject\SessionService.h">
      <Filter>Header Files</Filter>
    </ClInclude>
    <ClInclude Include="finalproject\utils.h">
      <Filter>Header Files</Filter>
    </ClInclude>
    <ClInclude Include="finalproject\WINDOW.h">
      <Filter>Header Files</Filter>
    </ClInclude>
    <ClInclude Include="FinalProject\ControlCodes.h">
      <Filter>Header Files</Filter>
    </ClInclude>
    <ClInclude Include="FinalProject\Events.h">
      <Filter>Header Files</Filter>
    </ClInclude>
    <ClInclude Include="FinalProject\StateController.h">
      <Filter>Header Files</Filter>
    </ClInclude>
    <ClInclude Include="FinalProject\States.h">
      <Filter>Header Files</Filter>
    </ClInclude>
    <ClInclude Include="FinalProject\StateControllerHelper.h">
      <Filter>Header Files</Filter>
    </ClInclude>
  </ItemGroup>
  <ItemGroup>
    <ResourceCompile Include="finalproject\WinMenu.rc">
      <Filter>Resource Files</Filter>
    </ResourceCompile>
  </ItemGroup>
  <ItemGroup>
    <None Include="FinalProject\WinMenu.aps" />
  </ItemGroup>
</Project>